
Microsoft Visual Studio Solution File, Format Version 12.00
# Visual Studio Version 17
VisualStudioVersion = 17.14.36212.18 d17.14
MinimumVisualStudioVersion = 10.0.40219.1
Project("{FAE04EC0-301F-11D3-BF4B-00C04F79EFBC}") = "SmartCacheManagementSystem", "SmartCacheManagementSystem.csproj", "{098463B4-0DD2-481F-A3FD-FC871470E13E}"
EndProject
Project("{2150E333-8FDC-42A3-9474-1A3956D46DE8}") = "Solution Items", "Solution Items", "{19408C61-4561-48AE-9271-83C5A08D7F5D}"
	ProjectSection(SolutionItems) = preProject
		compose.yaml = compose.yaml
	EndProjectSection
EndProject
Global
	GlobalSection(SolutionConfigurationPlatforms) = preSolution
		Debug|Any CPU = Debug|Any CPU
		Release|Any CPU = Release|Any CPU
	EndGlobalSection
	GlobalSection(ProjectConfigurationPlatforms) = postSolution
		{098463B4-0DD2-481F-A3FD-FC871470E13E}.Debug|Any CPU.ActiveCfg = Debug|Any CPU
		{098463B4-0DD2-481F-A3FD-FC871470E13E}.Debug|Any CPU.Build.0 = Debug|Any CPU
		{098463B4-0DD2-481F-A3FD-FC871470E13E}.Release|Any CPU.ActiveCfg = Release|Any CPU
		{098463B4-0DD2-481F-A3FD-FC871470E13E}.Release|Any CPU.Build.0 = Release|Any CPU
	EndGlobalSection
	GlobalSection(SolutionProperties) = preSolution
		HideSolutionNode = FALSE
	EndGlobalSection
	GlobalSection(ExtensibilityGlobals) = postSolution
		SolutionGuid = {A80726DB-BE40-4BC5-8716-C4114A1EDB49}
	EndGlobalSection
EndGlobal
